PODS:
  - ASCollectionView-SwiftUI (2.1.1):
    - DifferenceKit (~> 1.1)
  - DifferenceKit (1.3.0):
    - DifferenceKit/Core (= 1.3.0)
    - DifferenceKit/UIKitExtension (= 1.3.0)
  - DifferenceKit/Core (1.3.0)
  - DifferenceKit/UIKitExtension (1.3.0):
    - DifferenceKit/Core

DEPENDENCIES:
  - ASCollectionView-SwiftUI (~> 2.1.1)

SPEC REPOS:
  https://github.com/CocoaPods/Specs.git:
    - ASCollectionView-SwiftUI
    - DifferenceKit

SPEC CHECKSUMS:
  ASCollectionView-SwiftUI: 4d944307996a5c947254a3ecd3999cd6183d280a
  DifferenceKit: ab185c4d7f9cef8af3fcf593e5b387fb81e999ca

PODFILE CHECKSUM: d9fc916e23c53d5bf5429ef95687f959382189c7

COCOAPODS: 1.11.3
